
Microsoft Visual Studio Solution File, Format Version 12.00
# Visual Studio Version 16
VisualStudioVersion = 16.0.30803.129
MinimumVisualStudioVersion = 10.0.40219.1
Project("{9A19103F-16F7-4668-BE54-9A1E7A4F7556}") = "GumpStudioCore", "GumpStudioCore\GumpStudioCore.csproj", "{5D5D169D-4C7B-4C81-9977-34F2BEDF61F0}"
EndProject
Project("{9A19103F-16F7-4668-BE54-9A1E7A4F7556}") = "Ultima", "Ultima\Ultima.csproj", "{E08CFBE4-E013-44EE-8829-426D05BC083F}"
EndProject
Project("{9A19103F-16F7-4668-BE54-9A1E7A4F7556}") = "UOFont", "UOFont\UOFont.csproj", "{27BEA6DB-3220-424C-BF7B-76C257A5EA5A}"
EndProject
Project("{2150E333-8FDC-42A3-9474-1A3956D46DE8}") = "Plugins", "Plugins", "{24247454-79FD-4506-8462-FA3B3BF8B3C5}"
EndProject
Project("{9A19103F-16F7-4668-BE54-9A1E7A4F7556}") = "ImportRunUOPlugin", "Plugins\ImportRunUOPlugin\ImportRunUOPlugin.csproj", "{E1B51113-AE2C-417B-AEFD-B1DF2DF0AD75}"
EndProject
Project("{9A19103F-16F7-4668-BE54-9A1E7A4F7556}") = "SnapToGrid", "Plugins\SnapToGrid\SnapToGrid.csproj", "{ADAFAD3A-9C60-4139-B7D8-9738E425FDDC}"
EndProject
Project("{9A19103F-16F7-4668-BE54-9A1E7A4F7556}") = "SphereGumpExport", "Plugins\SphereGumpExport\SphereGumpExport.csproj", "{38D6D7A3-F00A-4129-8A2B-B1CEC5857263}"
EndProject
Project("{9A19103F-16F7-4668-BE54-9A1E7A4F7556}") = "WallPaperPlugin", "Plugins\WallPaperPlugin\WallPaperPlugin.csproj", "{EE1443EE-2D15-4E45-A4C4-2022F464F64D}"
EndProject
Project("{9A19103F-16F7-4668-BE54-9A1E7A4F7556}") = "GumpStudio", "GumpStudio\GumpStudio.csproj", "{170990C9-A7FA-42B1-B81D-A9CAC6C787DD}"
EndProject
Project("{9A19103F-16F7-4668-BE54-9A1E7A4F7556}") = "RunUOExporter", "Plugins\RunUO Exporter\RunUOExporter.csproj", "{D33AD0A5-E86E-4D69-B9A6-5D2CC32A51CD}"
EndProject
Project("{FAE04EC0-301F-11D3-BF4B-00C04F79EFBC}") = "POLGumpExport", "Plugins\POLGumpExport\POLGumpExport.csproj", "{C155895F-C2CD-4384-8901-AC04ED4C9C2B}"
EndProject
Global
	GlobalSection(SolutionConfigurationPlatforms) = preSolution
		Debug|Any CPU = Debug|Any CPU
		Release|Any CPU = Release|Any CPU
	EndGlobalSection
	GlobalSection(ProjectConfigurationPlatforms) = postSolution
		{5D5D169D-4C7B-4C81-9977-34F2BEDF61F0}.Debug|Any CPU.ActiveCfg = Debug|Any CPU
		{5D5D169D-4C7B-4C81-9977-34F2BEDF61F0}.Debug|Any CPU.Build.0 = Debug|Any CPU
		{5D5D169D-4C7B-4C81-9977-34F2BEDF61F0}.Release|Any CPU.ActiveCfg = Release|Any CPU
		{5D5D169D-4C7B-4C81-9977-34F2BEDF61F0}.Release|Any CPU.Build.0 = Release|Any CPU
		{E08CFBE4-E013-44EE-8829-426D05BC083F}.Debug|Any CPU.ActiveCfg = Debug|Any CPU
		{E08CFBE4-E013-44EE-8829-426D05BC083F}.Debug|Any CPU.Build.0 = Debug|Any CPU
		{E08CFBE4-E013-44EE-8829-426D05BC083F}.Release|Any CPU.ActiveCfg = Release|Any CPU
		{E08CFBE4-E013-44EE-8829-426D05BC083F}.Release|Any CPU.Build.0 = Release|Any CPU
		{27BEA6DB-3220-424C-BF7B-76C257A5EA5A}.Debug|Any CPU.ActiveCfg = Debug|Any CPU
		{27BEA6DB-3220-424C-BF7B-76C257A5EA5A}.Debug|Any CPU.Build.0 = Debug|Any CPU
		{27BEA6DB-3220-424C-BF7B-76C257A5EA5A}.Release|Any CPU.ActiveCfg = Release|Any CPU
		{27BEA6DB-3220-424C-BF7B-76C257A5EA5A}.Release|Any CPU.Build.0 = Release|Any CPU
		{E1B51113-AE2C-417B-AEFD-B1DF2DF0AD75}.Debug|Any CPU.ActiveCfg = Debug|Any CPU
		{E1B51113-AE2C-417B-AEFD-B1DF2DF0AD75}.Debug|Any CPU.Build.0 = Debug|Any CPU
		{E1B51113-AE2C-417B-AEFD-B1DF2DF0AD75}.Release|Any CPU.ActiveCfg = Release|Any CPU
		{E1B51113-AE2C-417B-AEFD-B1DF2DF0AD75}.Release|Any CPU.Build.0 = Release|Any CPU
		{ADAFAD3A-9C60-4139-B7D8-9738E425FDDC}.Debug|Any CPU.ActiveCfg = Debug|Any CPU
		{ADAFAD3A-9C60-4139-B7D8-9738E425FDDC}.Debug|Any CPU.Build.0 = Debug|Any CPU
		{ADAFAD3A-9C60-4139-B7D8-9738E425FDDC}.Release|Any CPU.ActiveCfg = Release|Any CPU
		{ADAFAD3A-9C60-4139-B7D8-9738E425FDDC}.Release|Any CPU.Build.0 = Release|Any CPU
		{38D6D7A3-F00A-4129-8A2B-B1CEC5857263}.Debug|Any CPU.ActiveCfg = Debug|Any CPU
		{38D6D7A3-F00A-4129-8A2B-B1CEC5857263}.Debug|Any CPU.Build.0 = Debug|Any CPU
		{38D6D7A3-F00A-4129-8A2B-B1CEC5857263}.Release|Any CPU.ActiveCfg = Release|Any CPU
		{38D6D7A3-F00A-4129-8A2B-B1CEC5857263}.Release|Any CPU.Build.0 = Release|Any CPU
		{EE1443EE-2D15-4E45-A4C4-2022F464F64D}.Debug|Any CPU.ActiveCfg = Debug|Any CPU
		{EE1443EE-2D15-4E45-A4C4-2022F464F64D}.Debug|Any CPU.Build.0 = Debug|Any CPU
		{EE1443EE-2D15-4E45-A4C4-2022F464F64D}.Release|Any CPU.ActiveCfg = Release|Any CPU
		{EE1443EE-2D15-4E45-A4C4-2022F464F64D}.Release|Any CPU.Build.0 = Release|Any CPU
		{170990C9-A7FA-42B1-B81D-A9CAC6C787DD}.Debug|Any CPU.ActiveCfg = Debug|Any CPU
		{170990C9-A7FA-42B1-B81D-A9CAC6C787DD}.Debug|Any CPU.Build.0 = Debug|Any CPU
		{170990C9-A7FA-42B1-B81D-A9CAC6C787DD}.Release|Any CPU.ActiveCfg = Release|Any CPU
		{170990C9-A7FA-42B1-B81D-A9CAC6C787DD}.Release|Any CPU.Build.0 = Release|Any CPU
		{D33AD0A5-E86E-4D69-B9A6-5D2CC32A51CD}.Debug|Any CPU.ActiveCfg = Debug|Any CPU
		{D33AD0A5-E86E-4D69-B9A6-5D2CC32A51CD}.Debug|Any CPU.Build.0 = Debug|Any CPU
		{D33AD0A5-E86E-4D69-B9A6-5D2CC32A51CD}.Release|Any CPU.ActiveCfg = Release|Any CPU
		{D33AD0A5-E86E-4D69-B9A6-5D2CC32A51CD}.Release|Any CPU.Build.0 = Release|Any CPU
		{C155895F-C2CD-4384-8901-AC04ED4C9C2B}.Debug|Any CPU.ActiveCfg = Debug|Any CPU
		{C155895F-C2CD-4384-8901-AC04ED4C9C2B}.Debug|Any CPU.Build.0 = Debug|Any CPU
		{C155895F-C2CD-4384-8901-AC04ED4C9C2B}.Release|Any CPU.ActiveCfg = Release|Any CPU
		{C155895F-C2CD-4384-8901-AC04ED4C9C2B}.Release|Any CPU.Build.0 = Release|Any CPU
	EndGlobalSection
	GlobalSection(SolutionProperties) = preSolution
		HideSolutionNode = FALSE
	EndGlobalSection
	GlobalSection(NestedProjects) = preSolution
		{E1B51113-AE2C-417B-AEFD-B1DF2DF0AD75} = {24247454-79FD-4506-8462-FA3B3BF8B3C5}
		{ADAFAD3A-9C60-4139-B7D8-9738E425FDDC} = {24247454-79FD-4506-8462-FA3B3BF8B3C5}
		{38D6D7A3-F00A-4129-8A2B-B1CEC5857263} = {24247454-79FD-4506-8462-FA3B3BF8B3C5}
		{EE1443EE-2D15-4E45-A4C4-2022F464F64D} = {24247454-79FD-4506-8462-FA3B3BF8B3C5}
		{D33AD0A5-E86E-4D69-B9A6-5D2CC32A51CD} = {24247454-79FD-4506-8462-FA3B3BF8B3C5}
		{C155895F-C2CD-4384-8901-AC04ED4C9C2B} = {24247454-79FD-4506-8462-FA3B3BF8B3C5}
	EndGlobalSection
	GlobalSection(ExtensibilityGlobals) = postSolution
		SolutionGuid = {8882DF07-9D0A-4072-8D1E-424DE796C4A9}
	EndGlobalSection
EndGlobal
